
Microsoft Visual Studio Solution File, Format Version 12.00
# Visual Studio Version 16
VisualStudioVersion = 16.0.29123.88
MinimumVisualStudioVersion = 10.0.40219.1
Project("{FAE04EC0-301F-11D3-BF4B-00C04F79EFBC}") = "QUANGHANH2", "QUANGHANH2\QUANGHANH2.csproj", "{F24B9747-E5A6-4429-9900-AB77D9ED27BB}"
EndProject
Global
	GlobalSection(SolutionConfigurationPlatforms) = preSolution
		Debug|Any CPU = Debug|Any CPU
		Release|Any CPU = Release|Any CPU
	EndGlobalSection
	GlobalSection(ProjectConfigurationPlatforms) = postSolution
		{F24B9747-E5A6-4429-9900-AB77D9ED27BB}.Debug|Any CPU.ActiveCfg = Debug|Any CPU
		{F24B9747-E5A6-4429-9900-AB77D9ED27BB}.Debug|Any CPU.Build.0 = Debug|Any CPU
		{F24B9747-E5A6-4429-9900-AB77D9ED27BB}.Release|Any CPU.ActiveCfg = Release|Any CPU
		{F24B9747-E5A6-4429-9900-AB77D9ED27BB}.Release|Any CPU.Build.0 = Release|Any CPU
	EndGlobalSection
	GlobalSection(SolutionProperties) = preSolution
		HideSolutionNode = FALSE
	EndGlobalSection
	GlobalSection(ExtensibilityGlobals) = postSolution
		SolutionGuid = {72F297A2-1D17-4CD4-B40B-C6BF7E8130AB}
	EndGlobalSection
EndGlobal
